// !$*UTF8*$!
{
	archiveVersion = 1;
	classes = {
	};
	objectVersion = 55;
	objects = {

/* Begin PBXBuildFile section */
		C2287B6F2849EF3400CAEAA2 /* AppDelegate.swift in Sources */ = {isa = PBXBuildFile; fileRef = C2287B6E2849EF3400CAEAA2 /* AppDelegate.swift */; };
		C2287B712849EF3400CAEAA2 /* SceneDelegate.swift in Sources */ = {isa = PBXBuildFile; fileRef = C2287B702849EF3400CAEAA2 /* SceneDelegate.swift */; };
		C2287B732849EF3500CAEAA2 /* SearchTableViewController.swift in Sources */ = {isa = PBXBuildFile; fileRef = C2287B722849EF3500CAEAA2 /* SearchTableViewController.swift */; };
		C2287B762849EF3500CAEAA2 /* Main.storyboard in Resources */ = {isa = PBXBuildFile; fileRef = C2287B742849EF3500CAEAA2 /* Main.storyboard */; };
		C2287B792849EF3500CAEAA2 /* Stocks.xcdatamodeld in Sources */ = {isa = PBXBuildFile; fileRef = C2287B772849EF3500CAEAA2 /* Stocks.xcdatamodeld */; };
		C2287B7B2849EF3700CAEAA2 /* Assets.xcassets in Resources */ = {isa = PBXBuildFile; fileRef = C2287B7A2849EF3700CAEAA2 /* Assets.xcassets */; };
		C2287B7E2849EF3700CAEAA2 /* LaunchScreen.storyboard in Resources */ = {isa = PBXBuildFile; fileRef = C2287B7C2849EF3700CAEAA2 /* LaunchScreen.storyboard */; };
		C2287B89284A163A00CAEAA2 /* SearchTableViewCell.swift in Sources */ = {isa = PBXBuildFile; fileRef = C2287B88284A163A00CAEAA2 /* SearchTableViewCell.swift */; };
		C2287B8C284A1D3100CAEAA2 /* APIService.swift in Sources */ = {isa = PBXBuildFile; fileRef = C2287B8B284A1D3100CAEAA2 /* APIService.swift */; };
		C2287B8F284A1F2A00CAEAA2 /* SearchResults.swift in Sources */ = {isa = PBXBuildFile; fileRef = C2287B8E284A1F2A00CAEAA2 /* SearchResults.swift */; };
		C2287B91284A3D2A00CAEAA2 /* SearchPlaceholderView.swift in Sources */ = {isa = PBXBuildFile; fileRef = C2287B90284A3D2A00CAEAA2 /* SearchPlaceholderView.swift */; };
		C2287B94284A43E100CAEAA2 /* UILoadAnimation.swift in Sources */ = {isa = PBXBuildFile; fileRef = C2287B93284A43E100CAEAA2 /* UILoadAnimation.swift */; };
		C2287B96284A5CA600CAEAA2 /* TimeSeriesMonthlyAdjusted.swift in Sources */ = {isa = PBXBuildFile; fileRef = C2287B95284A5CA600CAEAA2 /* TimeSeriesMonthlyAdjusted.swift */; };
		C2287B98284A6DBA00CAEAA2 /* CalculatorTableViewController.swift in Sources */ = {isa = PBXBuildFile; fileRef = C2287B97284A6DBA00CAEAA2 /* CalculatorTableViewController.swift */; };
		C2287B9A284A6E6900CAEAA2 /* Asset.swift in Sources */ = {isa = PBXBuildFile; fileRef = C2287B99284A6E6900CAEAA2 /* Asset.swift */; };
		C2287B9D284B339E00CAEAA2 /* String+Extentions.swift in Sources */ = {isa = PBXBuildFile; fileRef = C2287B9C284B339E00CAEAA2 /* String+Extentions.swift */; };
		C2287B9F284B3FB000CAEAA2 /* UITextField+Extension.swift in Sources */ = {isa = PBXBuildFile; fileRef = C2287B9E284B3FB000CAEAA2 /* UITextField+Extension.swift */; };
		C2287BA1284B4BCB00CAEAA2 /* DateSelectionTableViewController.swift in Sources */ = {isa = PBXBuildFile; fileRef = C2287BA0284B4BCB00CAEAA2 /* DateSelectionTableViewController.swift */; };
		C2287BA3284B56F000CAEAA2 /* Date+Extensions.swift in Sources */ = {isa = PBXBuildFile; fileRef = C2287BA2284B56F000CAEAA2 /* Date+Extensions.swift */; };
		C2287BA5284B739400CAEAA2 /* Int+Extensions.swift in Sources */ = {isa = PBXBuildFile; fileRef = C2287BA4284B739400CAEAA2 /* Int+Extensions.swift */; };
		C2287BA7284C79AB00CAEAA2 /* DCAService.swift in Sources */ = {isa = PBXBuildFile; fileRef = C2287BA6284C79AB00CAEAA2 /* DCAService.swift */; };
		C2287BA9284C812600CAEAA2 /* Double+Extensions.swift in Sources */ = {isa = PBXBuildFile; fileRef = C2287BA8284C812600CAEAA2 /* Double+Extensions.swift */; };
		F54940B5E3A7BC925139BC93 /* Pods_Stocks.framework in Frameworks */ = {isa = PBXBuildFile; fileRef = E26C7E9A8D5D5DD3D0FC665B /* Pods_Stocks.framework */; };
/* End PBXBuildFile section */

/* Begin PBXFileReference section */
		809FC8E1AB3C1E8F2B2705B2 /* Pods-Stocks.debug.xcconfig */ = {isa = PBXFileReference; includeInIndex = 1; lastKnownFileType = text.xcconfig; name = "Pods-Stocks.debug.xcconfig"; path = "Target Support Files/Pods-Stocks/Pods-Stocks.debug.xcconfig"; sourceTree = "<group>"; };
		99A68263FDE909D5661B1006 /* Pods-Stocks.release.xcconfig */ = {isa = PBXFileReference; includeInIndex = 1; lastKnownFileType = text.xcconfig; name = "Pods-Stocks.release.xcconfig"; path = "Target Support Files/Pods-Stocks/Pods-Stocks.release.xcconfig"; sourceTree = "<group>"; };
		C2287B6B2849EF3400CAEAA2 /* Stocks.app */ = {isa = PBXFileReference; explicitFileType = wrapper.application; includeInIndex = 0; path = Stocks.app; sourceTree = BUILT_PRODUCTS_DIR; };
		C2287B6E2849EF3400CAEAA2 /* AppDelegate.swift */ = {isa = PBXFileReference; lastKnownFileType = sourcecode.swift; path = AppDelegate.swift; sourceTree = "<group>"; };
		C2287B702849EF3400CAEAA2 /* SceneDelegate.swift */ = {isa = PBXFileReference; lastKnownFileType = sourcecode.swift; path = SceneDelegate.swift; sourceTree = "<group>"; };
		C2287B722849EF3500CAEAA2 /* SearchTableViewController.swift */ = {isa = PBXFileReference; lastKnownFileType = sourcecode.swift; path = SearchTableViewController.swift; sourceTree = "<group>"; };
		C2287B752849EF3500CAEAA2 /* Base */ = {isa = PBXFileReference; lastKnownFileType = file.storyboard; name = Base; path = Base.lproj/Main.storyboard; sourceTree = "<group>"; };
		C2287B782849EF3500CAEAA2 /* Stocks.xcdatamodel */ = {isa = PBXFileReference; lastKnownFileType = wrapper.xcdatamodel; path = Stocks.xcdatamodel; sourceTree = "<group>"; };
		C2287B7A2849EF3700CAEAA2 /* Assets.xcassets */ = {isa = PBXFileReference; lastKnownFileType = folder.assetcatalog; path = Assets.xcassets; sourceTree = "<group>"; };
		C2287B7D2849EF3700CAEAA2 /* Base */ = {isa = PBXFileReference; lastKnownFileType = file.storyboard; name = Base; path = Base.lproj/LaunchScreen.storyboard; sourceTree = "<group>"; };
		C2287B7F2849EF3700CAEAA2 /* Info.plist */ = {isa = PBXFileReference; lastKnownFileType = text.plist.xml; path = Info.plist; sourceTree = "<group>"; };
		C2287B88284A163A00CAEAA2 /* SearchTableViewCell.swift */ = {isa = PBXFileReference; lastKnownFileType = sourcecode.swift; path = SearchTableViewCell.swift; sourceTree = "<group>"; };
		C2287B8B284A1D3100CAEAA2 /* APIService.swift */ = {isa = PBXFileReference; lastKnownFileType = sourcecode.swift; path = APIService.swift; sourceTree = "<group>"; };
		C2287B8E284A1F2A00CAEAA2 /* SearchResults.swift */ = {isa = PBXFileReference; lastKnownFileType = sourcecode.swift; path = SearchResults.swift; sourceTree = "<group>"; };
		C2287B90284A3D2A00CAEAA2 /* SearchPlaceholderView.swift */ = {isa = PBXFileReference; lastKnownFileType = sourcecode.swift; path = SearchPlaceholderView.swift; sourceTree = "<group>"; };
		C2287B93284A43E100CAEAA2 /* UILoadAnimation.swift */ = {isa = PBXFileReference; lastKnownFileType = sourcecode.swift; path = UILoadAnimation.swift; sourceTree = "<group>"; };
		C2287B95284A5CA600CAEAA2 /* TimeSeriesMonthlyAdjusted.swift */ = {isa = PBXFileReference; lastKnownFileType = sourcecode.swift; path = TimeSeriesMonthlyAdjusted.swift; sourceTree = "<group>"; };
		C2287B97284A6DBA00CAEAA2 /* CalculatorTableViewController.swift */ = {isa = PBXFileReference; lastKnownFileType = sourcecode.swift; path = CalculatorTableViewController.swift; sourceTree = "<group>"; };
		C2287B99284A6E6900CAEAA2 /* Asset.swift */ = {isa = PBXFileReference; lastKnownFileType = sourcecode.swift; path = Asset.swift; sourceTree = "<group>"; };
		C2287B9C284B339E00CAEAA2 /* String+Extentions.swift */ = {isa = PBXFileReference; lastKnownFileType = sourcecode.swift; path = "String+Extentions.swift"; sourceTree = "<group>"; };
		C2287B9E284B3FB000CAEAA2 /* UITextField+Extension.swift */ = {isa = PBXFileReference; lastKnownFileType = sourcecode.swift; path = "UITextField+Extension.swift"; sourceTree = "<group>"; };
		C2287BA0284B4BCB00CAEAA2 /* DateSelectionTableViewController.swift */ = {isa = PBXFileReference; lastKnownFileType = sourcecode.swift; path = DateSelectionTableViewController.swift; sourceTree = "<group>"; };
		C2287BA2284B56F000CAEAA2 /* Date+Extensions.swift */ = {isa = PBXFileReference; lastKnownFileType = sourcecode.swift; path = "Date+Extensions.swift"; sourceTree = "<group>"; };
		C2287BA4284B739400CAEAA2 /* Int+Extensions.swift */ = {isa = PBXFileReference; lastKnownFileType = sourcecode.swift; path = "Int+Extensions.swift"; sourceTree = "<group>"; };
		C2287BA6284C79AB00CAEAA2 /* DCAService.swift */ = {isa = PBXFileReference; lastKnownFileType = sourcecode.swift; path = DCAService.swift; sourceTree = "<group>"; };
		C2287BA8284C812600CAEAA2 /* Double+Extensions.swift */ = {isa = PBXFileReference; lastKnownFileType = sourcecode.swift; path = "Double+Extensions.swift"; sourceTree = "<group>"; };
		E26C7E9A8D5D5DD3D0FC665B /* Pods_Stocks.framework */ = {isa = PBXFileReference; explicitFileType = wrapper.framework; includeInIndex = 0; path = Pods_Stocks.framework; sourceTree = BUILT_PRODUCTS_DIR; };
/* End PBXFileReference section */

/* Begin PBXFrameworksBuildPhase section */
		C2287B682849EF3400CAEAA2 /* Frameworks */ = {
			isa = PBXFrameworksBuildPhase;
			buildActionMask = 2147483647;
			files = (
				F54940B5E3A7BC925139BC93 /* Pods_Stocks.framework in Frameworks */,
			);
			runOnlyForDeploymentPostprocessing = 0;
		};
/* End PBXFrameworksBuildPhase section */

/* Begin PBXGroup section */
		39CF0863C8D9C1533E0E2677 /* Pods */ = {
			isa = PBXGroup;
			children = (
				809FC8E1AB3C1E8F2B2705B2 /* Pods-Stocks.debug.xcconfig */,
				99A68263FDE909D5661B1006 /* Pods-Stocks.release.xcconfig */,
			);
			path = Pods;
			sourceTree = "<group>";
		};
		69C5FF3FDEDF58CA9AD5AF70 /* Frameworks */ = {
			isa = PBXGroup;
			children = (
				E26C7E9A8D5D5DD3D0FC665B /* Pods_Stocks.framework */,
			);
			name = Frameworks;
			sourceTree = "<group>";
		};
		C2287B622849EF3400CAEAA2 = {
			isa = PBXGroup;
			children = (
				C2287B6D2849EF3400CAEAA2 /* Stocks */,
				C2287B6C2849EF3400CAEAA2 /* Products */,
				39CF0863C8D9C1533E0E2677 /* Pods */,
				69C5FF3FDEDF58CA9AD5AF70 /* Frameworks */,
			);
			sourceTree = "<group>";
		};
		C2287B6C2849EF3400CAEAA2 /* Products */ = {
			isa = PBXGroup;
			children = (
				C2287B6B2849EF3400CAEAA2 /* Stocks.app */,
			);
			name = Products;
			sourceTree = "<group>";
		};
		C2287B6D2849EF3400CAEAA2 /* Stocks */ = {
			isa = PBXGroup;
			children = (
				C2287B87284A15AC00CAEAA2 /* Models */,
				C2287B86284A15A300CAEAA2 /* Views */,
				C2287B85284A159500CAEAA2 /* Controllers */,
				C2287B8A284A1D1B00CAEAA2 /* Services */,
				C2287B92284A43AC00CAEAA2 /* Protocols */,
				C2287B9B284B336300CAEAA2 /* Extentions */,
				C2287B6E2849EF3400CAEAA2 /* AppDelegate.swift */,
				C2287B702849EF3400CAEAA2 /* SceneDelegate.swift */,
				C2287B7A2849EF3700CAEAA2 /* Assets.xcassets */,
				C2287B7F2849EF3700CAEAA2 /* Info.plist */,
				C2287B772849EF3500CAEAA2 /* Stocks.xcdatamodeld */,
			);
			path = Stocks;
			sourceTree = "<group>";
		};
		C2287B85284A159500CAEAA2 /* Controllers */ = {
			isa = PBXGroup;
			children = (
				C2287B722849EF3500CAEAA2 /* SearchTableViewController.swift */,
				C2287B97284A6DBA00CAEAA2 /* CalculatorTableViewController.swift */,
				C2287BA0284B4BCB00CAEAA2 /* DateSelectionTableViewController.swift */,
			);
			path = Controllers;
			sourceTree = "<group>";
		};
		C2287B86284A15A300CAEAA2 /* Views */ = {
			isa = PBXGroup;
			children = (
				C2287B742849EF3500CAEAA2 /* Main.storyboard */,
				C2287B7C2849EF3700CAEAA2 /* LaunchScreen.storyboard */,
				C2287B88284A163A00CAEAA2 /* SearchTableViewCell.swift */,
				C2287B90284A3D2A00CAEAA2 /* SearchPlaceholderView.swift */,
			);
			path = Views;
			sourceTree = "<group>";
		};
		C2287B87284A15AC00CAEAA2 /* Models */ = {
			isa = PBXGroup;
			children = (
				C2287B8E284A1F2A00CAEAA2 /* SearchResults.swift */,
				C2287B95284A5CA600CAEAA2 /* TimeSeriesMonthlyAdjusted.swift */,
				C2287B99284A6E6900CAEAA2 /* Asset.swift */,
			);
			path = Models;
			sourceTree = "<group>";
		};
		C2287B8A284A1D1B00CAEAA2 /* Services */ = {
			isa = PBXGroup;
			children = (
				C2287B8B284A1D3100CAEAA2 /* APIService.swift */,
				C2287BA6284C79AB00CAEAA2 /* DCAService.swift */,
			);
			path = Services;
			sourceTree = "<group>";
		};
		C2287B92284A43AC00CAEAA2 /* Protocols */ = {
			isa = PBXGroup;
			children = (
				C2287B93284A43E100CAEAA2 /* UILoadAnimation.swift */,
			);
			path = Protocols;
			sourceTree = "<group>";
		};
		C2287B9B284B336300CAEAA2 /* Extentions */ = {
			isa = PBXGroup;
			children = (
				C2287B9C284B339E00CAEAA2 /* String+Extentions.swift */,
				C2287B9E284B3FB000CAEAA2 /* UITextField+Extension.swift */,
				C2287BA2284B56F000CAEAA2 /* Date+Extensions.swift */,
				C2287BA4284B739400CAEAA2 /* Int+Extensions.swift */,
				C2287BA8284C812600CAEAA2 /* Double+Extensions.swift */,
			);
			path = Extentions;
			sourceTree = "<group>";
		};
/* End PBXGroup section */

/* Begin PBXNativeTarget section */
		C2287B6A2849EF3400CAEAA2 /* Stocks */ = {
			isa = PBXNativeTarget;
			buildConfigurationList = C2287B822849EF3700CAEAA2 /* Build configuration list for PBXNativeTarget "Stocks" */;
			buildPhases = (
				823B251A5ED9D04D1384D077 /* [CP] Check Pods Manifest.lock */,
				C2287B672849EF3400CAEAA2 /* Sources */,
				C2287B682849EF3400CAEAA2 /* Frameworks */,
				C2287B692849EF3400CAEAA2 /* Resources */,
				3776973D381460D28808BCDD /* [CP] Embed Pods Frameworks */,
			);
			buildRules = (
			);
			dependencies = (
			);
			name = Stocks;
			productName = Stocks;
			productReference = C2287B6B2849EF3400CAEAA2 /* Stocks.app */;
			productType = "com.apple.product-type.application";
		};
/* End PBXNativeTarget section */

/* Begin PBXProject section */
		C2287B632849EF3400CAEAA2 /* Project object */ = {
			isa = PBXProject;
			attributes = {
				BuildIndependentTargetsInParallel = 1;
				LastSwiftUpdateCheck = 1340;
				LastUpgradeCheck = 1340;
				TargetAttributes = {
					C2287B6A2849EF3400CAEAA2 = {
						CreatedOnToolsVersion = 13.4.1;
					};
				};
			};
			buildConfigurationList = C2287B662849EF3400CAEAA2 /* Build configuration list for PBXProject "Stocks" */;
			compatibilityVersion = "Xcode 13.0";
			developmentRegion = en;
			hasScannedForEncodings = 0;
			knownRegions = (
				en,
				Base,
			);
			mainGroup = C2287B622849EF3400CAEAA2;
			productRefGroup = C2287B6C2849EF3400CAEAA2 /* Products */;
			projectDirPath = "";
			projectRoot = "";
			targets = (
				C2287B6A2849EF3400CAEAA2 /* Stocks */,
			);
		};
/* End PBXProject section */

/* Begin PBXResourcesBuildPhase section */
		C2287B692849EF3400CAEAA2 /* Resources */ = {
			isa = PBXResourcesBuildPhase;
			buildActionMask = 2147483647;
			files = (
				C2287B7E2849EF3700CAEAA2 /* LaunchScreen.storyboard in Resources */,
				C2287B7B2849EF3700CAEAA2 /* Assets.xcassets in Resources */,
				C2287B762849EF3500CAEAA2 /* Main.storyboard in Resources */,
			);
			runOnlyForDeploymentPostprocessing = 0;
		};
/* End PBXResourcesBuildPhase section */

/* Begin PBXShellScriptBuildPhase section */
		3776973D381460D28808BCDD /* [CP] Embed Pods Frameworks */ = {
			isa = PBXShellScriptBuildPhase;
			buildActionMask = 2147483647;
			files = (
			);
			inputFileListPaths = (
				"${PODS_ROOT}/Target Support Files/Pods-Stocks/Pods-Stocks-frameworks-${CONFIGURATION}-input-files.xcfilelist",
			);
			name = "[CP] Embed Pods Frameworks";
			outputFileListPaths = (
				"${PODS_ROOT}/Target Support Files/Pods-Stocks/Pods-Stocks-frameworks-${CONFIGURATION}-output-files.xcfilelist",
			);
			runOnlyForDeploymentPostprocessing = 0;
			shellPath = /bin/sh;
			shellScript = "\"${PODS_ROOT}/Target Support Files/Pods-Stocks/Pods-Stocks-frameworks.sh\"\n";
			showEnvVarsInLog = 0;
		};
		823B251A5ED9D04D1384D077 /* [CP] Check Pods Manifest.lock */ = {
			isa = PBXShellScriptBuildPhase;
			buildActionMask = 2147483647;
			files = (
			);
			inputFileListPaths = (
			);
			inputPaths = (
				"${PODS_PODFILE_DIR_PATH}/Podfile.lock",
				"${PODS_ROOT}/Manifest.lock",
			);
			name = "[CP] Check Pods Manifest.lock";
			outputFileListPaths = (
			);
			outputPaths = (
				"$(DERIVED_FILE_DIR)/Pods-Stocks-checkManifestLockResult.txt",
			);
			runOnlyForDeploymentPostprocessing = 0;
			shellPath = /bin/sh;
			shellScript = "diff \"${PODS_PODFILE_DIR_PATH}/Podfile.lock\" \"${PODS_ROOT}/Manifest.lock\" > /dev/null\nif [ $? != 0 ] ; then\n    # print error to STDERR\n    echo \"error: The sandbox is not in sync with the Podfile.lock. Run 'pod install' or update your CocoaPods installation.\" >&2\n    exit 1\nfi\n# This output is used by Xcode 'outputs' to avoid re-running this script phase.\necho \"SUCCESS\" > \"${SCRIPT_OUTPUT_FILE_0}\"\n";
			showEnvVarsInLog = 0;
		};
/* End PBXShellScriptBuildPhase section */

/* Begin PBXSourcesBuildPhase section */
		C2287B672849EF3400CAEAA2 /* Sources */ = {
			isa = PBXSourcesBuildPhase;
			buildActionMask = 2147483647;
			files = (
				C2287B98284A6DBA00CAEAA2 /* CalculatorTableViewController.swift in Sources */,
				C2287B732849EF3500CAEAA2 /* SearchTableViewController.swift in Sources */,
				C2287BA1284B4BCB00CAEAA2 /* DateSelectionTableViewController.swift in Sources */,
				C2287BA5284B739400CAEAA2 /* Int+Extensions.swift in Sources */,
				C2287B94284A43E100CAEAA2 /* UILoadAnimation.swift in Sources */,
				C2287B6F2849EF3400CAEAA2 /* AppDelegate.swift in Sources */,
				C2287B9D284B339E00CAEAA2 /* String+Extentions.swift in Sources */,
				C2287B91284A3D2A00CAEAA2 /* SearchPlaceholderView.swift in Sources */,
				C2287B792849EF3500CAEAA2 /* Stocks.xcdatamodeld in Sources */,
				C2287B9A284A6E6900CAEAA2 /* Asset.swift in Sources */,
				C2287BA3284B56F000CAEAA2 /* Date+Extensions.swift in Sources */,
				C2287B712849EF3400CAEAA2 /* SceneDelegate.swift in Sources */,
				C2287BA7284C79AB00CAEAA2 /* DCAService.swift in Sources */,
				C2287BA9284C812600CAEAA2 /* Double+Extensions.swift in Sources */,
				C2287B9F284B3FB000CAEAA2 /* UITextField+Extension.swift in Sources */,
				C2287B8F284A1F2A00CAEAA2 /* SearchResults.swift in Sources */,
				C2287B8C284A1D3100CAEAA2 /* APIService.swift in Sources */,
				C2287B89284A163A00CAEAA2 /* SearchTableViewCell.swift in Sources */,
				C2287B96284A5CA600CAEAA2 /* TimeSeriesMonthlyAdjusted.swift in Sources */,
			);
			runOnlyForDeploymentPostprocessing = 0;
		};
/* End PBXSourcesBuildPhase section */

/* Begin PBXVariantGroup section */
		C2287B742849EF3500CAEAA2 /* Main.storyboard */ = {
			isa = PBXVariantGroup;
			children = (
				C2287B752849EF3500CAEAA2 /* Base */,
			);
			name = Main.storyboard;
			sourceTree = "<group>";
		};
		C2287B7C2849EF3700CAEAA2 /* LaunchScreen.storyboard */ = {
			isa = PBXVariantGroup;
			children = (
				C2287B7D2849EF3700CAEAA2 /* Base */,
			);
			name = LaunchScreen.storyboard;
			sourceTree = "<group>";
		};
/* End PBXVariantGroup section */

/* Begin XCBuildConfiguration section */
		C2287B802849EF3700CAEAA2 /* Debug */ = {
			isa = XCBuildConfiguration;
			buildSettings = {
				ALWAYS_SEARCH_USER_PATHS = NO;
				CLANG_ANALYZER_NONNULL = YES;
				CLANG_ANALYZER_NUMBER_OBJECT_CONVERSION = YES_AGGRESSIVE;
				CLANG_CXX_LANGUAGE_STANDARD = "gnu++17";
				CLANG_ENABLE_MODULES = YES;
				CLANG_ENABLE_OBJC_ARC = YES;
				CLANG_ENABLE_OBJC_WEAK = YES;
				CLANG_WARN_BLOCK_CAPTURE_AUTORELEASING = YES;
				CLANG_WARN_BOOL_CONVERSION = YES;
				CLANG_WARN_COMMA = YES;
				CLANG_WARN_CONSTANT_CONVERSION = YES;
				CLANG_WARN_DEPRECATED_OBJC_IMPLEMENTATIONS = YES;
				CLANG_WARN_DIRECT_OBJC_ISA_USAGE = YES_ERROR;
				CLANG_WARN_DOCUMENTATION_COMMENTS = YES;
				CLANG_WARN_EMPTY_BODY = YES;
				CLANG_WARN_ENUM_CONVERSION = YES;
				CLANG_WARN_INFINITE_RECURSION = YES;
				CLANG_WARN_INT_CONVERSION = YES;
				CLANG_WARN_NON_LITERAL_NULL_CONVERSION = YES;
				CLANG_WARN_OBJC_IMPLICIT_RETAIN_SELF = YES;
				CLANG_WARN_OBJC_LITERAL_CONVERSION = YES;
				CLANG_WARN_OBJC_ROOT_CLASS = YES_ERROR;
				CLANG_WARN_QUOTED_INCLUDE_IN_FRAMEWORK_HEADER = YES;
				CLANG_WARN_RANGE_LOOP_ANALYSIS = YES;
				CLANG_WARN_STRICT_PROTOTYPES = YES;
				CLANG_WARN_SUSPICIOUS_MOVE = YES;
				CLANG_WARN_UNGUARDED_AVAILABILITY = YES_AGGRESSIVE;
				CLANG_WARN_UNREACHABLE_CODE = YES;
				CLANG_WARN__DUPLICATE_METHOD_MATCH = YES;
				COPY_PHASE_STRIP = NO;
				DEBUG_INFORMATION_FORMAT = dwarf;
				ENABLE_STRICT_OBJC_MSGSEND = YES;
				ENABLE_TESTABILITY = YES;
				GCC_C_LANGUAGE_STANDARD = gnu11;
				GCC_DYNAMIC_NO_PIC = NO;
				GCC_NO_COMMON_BLOCKS = YES;
				GCC_OPTIMIZATION_LEVEL = 0;
				GCC_PREPROCESSOR_DEFINITIONS = (
					"DEBUG=1",
					"$(inherited)",
				);
				GCC_WARN_64_TO_32_BIT_CONVERSION = YES;
				GCC_WARN_ABOUT_RETURN_TYPE = YES_ERROR;
				GCC_WARN_UNDECLARED_SELECTOR = YES;
				GCC_WARN_UNINITIALIZED_AUTOS = YES_AGGRESSIVE;
				GCC_WARN_UNUSED_FUNCTION = YES;
				GCC_WARN_UNUSED_VARIABLE = YES;
				IPHONEOS_DEPLOYMENT_TARGET = 15.5;
				MTL_ENABLE_DEBUG_INFO = INCLUDE_SOURCE;
				MTL_FAST_MATH = YES;
				ONLY_ACTIVE_ARCH = YES;
				SDKROOT = iphoneos;
				SWIFT_ACTIVE_COMPILATION_CONDITIONS = DEBUG;
				SWIFT_OPTIMIZATION_LEVEL = "-Onone";
			};
			name = Debug;
		};
		C2287B812849EF3700CAEAA2 /* Release */ = {
			isa = XCBuildConfiguration;
			buildSettings = {
				ALWAYS_SEARCH_USER_PATHS = NO;
				CLANG_ANALYZER_NONNULL = YES;
				CLANG_ANALYZER_NUMBER_OBJECT_CONVERSION = YES_AGGRESSIVE;
				CLANG_CXX_LANGUAGE_STANDARD = "gnu++17";
				CLANG_ENABLE_MODULES = YES;
				CLANG_ENABLE_OBJC_ARC = YES;
				CLANG_ENABLE_OBJC_WEAK = YES;
				CLANG_WARN_BLOCK_CAPTURE_AUTORELEASING = YES;
				CLANG_WARN_BOOL_CONVERSION = YES;
				CLANG_WARN_COMMA = YES;
				CLANG_WARN_CONSTANT_CONVERSION = YES;
				CLANG_WARN_DEPRECATED_OBJC_IMPLEMENTATIONS = YES;
				CLANG_WARN_DIRECT_OBJC_ISA_USAGE = YES_ERROR;
				CLANG_WARN_DOCUMENTATION_COMMENTS = YES;
				CLANG_WARN_EMPTY_BODY = YES;
				CLANG_WARN_ENUM_CONVERSION = YES;
				CLANG_WARN_INFINITE_RECURSION = YES;
				CLANG_WARN_INT_CONVERSION = YES;
				CLANG_WARN_NON_LITERAL_NULL_CONVERSION = YES;
				CLANG_WARN_OBJC_IMPLICIT_RETAIN_SELF = YES;
				CLANG_WARN_OBJC_LITERAL_CONVERSION = YES;
				CLANG_WARN_OBJC_ROOT_CLASS = YES_ERROR;
				CLANG_WARN_QUOTED_INCLUDE_IN_FRAMEWORK_HEADER = YES;
				CLANG_WARN_RANGE_LOOP_ANALYSIS = YES;
				CLANG_WARN_STRICT_PROTOTYPES = YES;
				CLANG_WARN_SUSPICIOUS_MOVE = YES;
				CLANG_WARN_UNGUARDED_AVAILABILITY = YES_AGGRESSIVE;
				CLANG_WARN_UNREACHABLE_CODE = YES;
				CLANG_WARN__DUPLICATE_METHOD_MATCH = YES;
				COPY_PHASE_STRIP = NO;
				DEBUG_INFORMATION_FORMAT = "dwarf-with-dsym";
				ENABLE_NS_ASSERTIONS = NO;
				ENABLE_STRICT_OBJC_MSGSEND = YES;
				GCC_C_LANGUAGE_STANDARD = gnu11;
				GCC_NO_COMMON_BLOCKS = YES;
				GCC_WARN_64_TO_32_BIT_CONVERSION = YES;
				GCC_WARN_ABOUT_RETURN_TYPE = YES_ERROR;
				GCC_WARN_UNDECLARED_SELECTOR = YES;
				GCC_WARN_UNINITIALIZED_AUTOS = YES_AGGRESSIVE;
				GCC_WARN_UNUSED_FUNCTION = YES;
				GCC_WARN_UNUSED_VARIABLE = YES;
				IPHONEOS_DEPLOYMENT_TARGET = 15.5;
				MTL_ENABLE_DEBUG_INFO = NO;
				MTL_FAST_MATH = YES;
				SDKROOT = iphoneos;
				SWIFT_COMPILATION_MODE = wholemodule;
				SWIFT_OPTIMIZATION_LEVEL = "-O";
				VALIDATE_PRODUCT = YES;
			};
			name = Release;
		};
		C2287B832849EF3700CAEAA2 /* Debug */ = {
			isa = XCBuildConfiguration;
			baseConfigurationReference = 809FC8E1AB3C1E8F2B2705B2 /* Pods-Stocks.debug.xcconfig */;
			buildSettings = {
				ASSETCATALOG_COMPILER_APPICON_NAME = AppIcon;
				ASSETCATALOG_COMPILER_GLOBAL_ACCENT_COLOR_NAME = AccentColor;
				CODE_SIGN_STYLE = Automatic;
				CURRENT_PROJECT_VERSION = 1;
				DEVELOPMENT_TEAM = BL54WB62T6;
				GENERATE_INFOPLIST_FILE = YES;
				INFOPLIST_FILE = Stocks/Info.plist;
				INFOPLIST_KEY_UIApplicationSupportsIndirectInputEvents = YES;
				INFOPLIST_KEY_UILaunchStoryboardName = LaunchScreen;
				INFOPLIST_KEY_UIMainStoryboardFile = Main;
				INFOPLIST_KEY_UISupportedInterfaceOrientations_iPad = "UIInterfaceOrientationPortrait UIInterfaceOrientationPortraitUpsideDown UIInterfaceOrientationLandscapeLeft UIInterfaceOrientationLandscapeRight";
				INFOPLIST_KEY_UISupportedInterfaceOrientations_iPhone = "UIInterfaceOrientationPortrait UIInterfaceOrientationLandscapeLeft UIInterfaceOrientationLandscapeRight";
				LD_RUNPATH_SEARCH_PATHS = (
					"$(inherited)",
					"@executable_path/Frameworks",
				);
				MARKETING_VERSION = 1.0;
				PRODUCT_BUNDLE_IDENTIFIER = com.boshoffcorp.Stocks;
				PRODUCT_NAME = "$(TARGET_NAME)";
				SWIFT_EMIT_LOC_STRINGS = YES;
				SWIFT_VERSION = 5.0;
				TARGETED_DEVICE_FAMILY = "1,2";
			};
			name = Debug;
		};
		C2287B842849EF3700CAEAA2 /* Release */ = {
			isa = XCBuildConfiguration;
			baseConfigurationReference = 99A68263FDE909D5661B1006 /* Pods-Stocks.release.xcconfig */;
			buildSettings = {
				ASSETCATALOG_COMPILER_APPICON_NAME = AppIcon;
				ASSETCATALOG_COMPILER_GLOBAL_ACCENT_COLOR_NAME = AccentColor;
				CODE_SIGN_STYLE = Automatic;
				CURRENT_PROJECT_VERSION = 1;
				DEVELOPMENT_TEAM = BL54WB62T6;
				GENERATE_INFOPLIST_FILE = YES;
				INFOPLIST_FILE = Stocks/Info.plist;
				INFOPLIST_KEY_UIApplicationSupportsIndirectInputEvents = YES;
				INFOPLIST_KEY_UILaunchStoryboardName = LaunchScreen;
				INFOPLIST_KEY_UIMainStoryboardFile = Main;
				INFOPLIST_KEY_UISupportedInterfaceOrientations_iPad = "UIInterfaceOrientationPortrait UIInterfaceOrientationPortraitUpsideDown UIInterfaceOrientationLandscapeLeft UIInterfaceOrientationLandscapeRight";
				INFOPLIST_KEY_UISupportedInterfaceOrientations_iPhone = "UIInterfaceOrientationPortrait UIInterfaceOrientationLandscapeLeft UIInterfaceOrientationLandscapeRight";
				LD_RUNPATH_SEARCH_PATHS = (
					"$(inherited)",
					"@executable_path/Frameworks",
				);
				MARKETING_VERSION = 1.0;
				PRODUCT_BUNDLE_IDENTIFIER = com.boshoffcorp.Stocks;
				PRODUCT_NAME = "$(TARGET_NAME)";
				SWIFT_EMIT_LOC_STRINGS = YES;
				SWIFT_VERSION = 5.0;
				TARGETED_DEVICE_FAMILY = "1,2";
			};
			name = Release;
		};
/* End XCBuildConfiguration section */

/* Begin XCConfigurationList section */
		C2287B662849EF3400CAEAA2 /* Build configuration list for PBXProject "Stocks" */ = {
			isa = XCConfigurationList;
			buildConfigurations = (
				C2287B802849EF3700CAEAA2 /* Debug */,
				C2287B812849EF3700CAEAA2 /* Release */,
			);
			defaultConfigurationIsVisible = 0;
			defaultConfigurationName = Release;
		};
		C2287B822849EF3700CAEAA2 /* Build configuration list for PBXNativeTarget "Stocks" */ = {
			isa = XCConfigurationList;
			buildConfigurations = (
				C2287B832849EF3700CAEAA2 /* Debug */,
				C2287B842849EF3700CAEAA2 /* Release */,
			);
			defaultConfigurationIsVisible = 0;
			defaultConfigurationName = Release;
		};
/* End XCConfigurationList section */

/* Begin XCVersionGroup section */
		C2287B772849EF3500CAEAA2 /* Stocks.xcdatamodeld */ = {
			isa = XCVersionGroup;
			children = (
				C2287B782849EF3500CAEAA2 /* Stocks.xcdatamodel */,
			);
			currentVersion = C2287B782849EF3500CAEAA2 /* Stocks.xcdatamodel */;
			path = Stocks.xcdatamodeld;
			sourceTree = "<group>";
			versionGroupType = wrapper.xcdatamodel;
		};
/* End XCVersionGroup section */
	};
	rootObject = C2287B632849EF3400CAEAA2 /* Project object */;
}
